{
  "pins" : [
    {
      "identity" : "datapersistence",
      "kind" : "remoteSourceControl",
      "location" : "https://github.com/alexpaul/DataPersistence",
      "state" : {
        "revision" : "69c4bc41c4185db8a200e486e22c666dbddaee17",
        "version" : "1.1.0"
      }
    }
  ],
  "version" : 2
}
